// !$*UTF8*$!
{
	archiveVersion = 1;
	classes = {
	};
	objectVersion = 46;
	objects = {

/* Begin PBXBuildFile section */
		4AE926BF1EE7CF090075578F /* main.m in Sources */ = {isa = PBXBuildFile; fileRef = 4AE926BE1EE7CF090075578F /* main.m */; };
		4AE926C21EE7CF090075578F /* AppDelegate.m in Sources */ = {isa = PBXBuildFile; fileRef = 4AE926C11EE7CF090075578F /* AppDelegate.m */; };
		4AE926C51EE7CF090075578F /* ViewController.m in Sources */ = {isa = PBXBuildFile; fileRef = 4AE926C41EE7CF090075578F /* ViewController.m */; };
		4AE926C81EE7CF090075578F /* Main.storyboard in Resources */ = {isa = PBXBuildFile; fileRef = 4AE926C61EE7CF090075578F /* Main.storyboard */; };
		4AE926CA1EE7CF090075578F /* Assets.xcassets in Resources */ = {isa = PBXBuildFile; fileRef = 4AE926C91EE7CF090075578F /* Assets.xcassets */; };
		4AE926CD1EE7CF090075578F /* LaunchScreen.storyboard in Resources */ = {isa = PBXBuildFile; fileRef = 4AE926CB1EE7CF090075578F /* LaunchScreen.storyboard */; };
/* End PBXBuildFile section */

/* Begin PBXFileReference section */
		4AE926BA1EE7CF090075578F /* EnteringHouse.app */ = {isa = PBXFileReference; explicitFileType = wrapper.application; includeInIndex = 0; path = EnteringHouse.app; sourceTree = BUILT_PRODUCTS_DIR; };
		4AE926BE1EE7CF090075578F /* main.m */ = {isa = PBXFileReference; lastKnownFileType = sourcecode.c.objc; path = main.m; sourceTree = "<group>"; };
		4AE926C01EE7CF090075578F /* AppDelegate.h */ = {isa = PBXFileReference; lastKnownFileType = sourcecode.c.h; path = AppDelegate.h; sourceTree = "<group>"; };
		4AE926C11EE7CF090075578F /* AppDelegate.m */ = {isa = PBXFileReference; lastKnownFileType = sourcecode.c.objc; path = AppDelegate.m; sourceTree = "<group>"; };
		4AE926C31EE7CF090075578F /* ViewController.h */ = {isa = PBXFileReference; lastKnownFileType = sourcecode.c.h; path = ViewController.h; sourceTree = "<group>"; };
		4AE926C41EE7CF090075578F /* ViewController.m */ = {isa = PBXFileReference; lastKnownFileType = sourcecode.c.objc; path = ViewController.m; sourceTree = "<group>"; };
		4AE926C71EE7CF090075578F /* Base */ = {isa = PBXFileReference; lastKnownFileType = file.storyboard; name = Base; path = Base.lproj/Main.storyboard; sourceTree = "<group>"; };
		4AE926C91EE7CF090075578F /* Assets.xcassets */ = {isa = PBXFileReference; lastKnownFileType = folder.assetcatalog; path = Assets.xcassets; sourceTree = "<group>"; };
		4AE926CC1EE7CF090075578F /* Base */ = {isa = PBXFileReference; lastKnownFileType = file.storyboard; name = Base; path = Base.lproj/LaunchScreen.storyboard; sourceTree = "<group>"; };
		4AE926CE1EE7CF090075578F /* Info.plist */ = {isa = PBXFileReference; lastKnownFileType = text.plist.xml; path = Info.plist; sourceTree = "<group>"; };
/* End PBXFileReference section */

/* Begin PBXFrameworksBuildPhase section */
		4AE926B71EE7CF090075578F /* Frameworks */ = {
			isa = PBXFrameworksBuildPhase;
			buildActionMask = 2147483647;
			files = (
			);
			runOnlyForDeploymentPostprocessing = 0;
		};
/* End PBXFrameworksBuildPhase section */

/* Begin PBXGroup section */
		4AE926B11EE7CF090075578F = {
			isa = PBXGroup;
			children = (
				4AE926BC1EE7CF090075578F /* EnteringHouse */,
				4AE926BB1EE7CF090075578F /* Products */,
			);
			sourceTree = "<group>";
		};
		4AE926BB1EE7CF090075578F /* Products */ = {
			isa = PBXGroup;
			children = (
				4AE926BA1EE7CF090075578F /* EnteringHouse.app */,
			);
			name = Products;
			sourceTree = "<group>";
		};
		4AE926BC1EE7CF090075578F /* EnteringHouse */ = {
			isa = PBXGroup;
			children = (
				4AE926C01EE7CF090075578F /* AppDelegate.h */,
				4AE926C11EE7CF090075578F /* AppDelegate.m */,
				4AE926C31EE7CF090075578F /* ViewController.h */,
				4AE926C41EE7CF090075578F /* ViewController.m */,
				4AE926C61EE7CF090075578F /* Main.storyboard */,
				4AE926C91EE7CF090075578F /* Assets.xcassets */,
				4AE926CB1EE7CF090075578F /* LaunchScreen.storyboard */,
				4AE926CE1EE7CF090075578F /* Info.plist */,
				4AE926BD1EE7CF090075578F /* Supporting Files */,
			);
			path = EnteringHouse;
			sourceTree = "<group>";
		};
		4AE926BD1EE7CF090075578F /* Supporting Files */ = {
			isa = PBXGroup;
			children = (
				4AE926BE1EE7CF090075578F /* main.m */,
			);
			name = "Supporting Files";
			sourceTree = "<group>";
		};
/* End PBXGroup section */

/* Begin PBXNativeTarget section */
		4AE926B91EE7CF090075578F /* EnteringHouse */ = {
			isa = PBXNativeTarget;
			buildConfigurationList = 4AE926D11EE7CF090075578F /* Build configuration list for PBXNativeTarget "EnteringHouse" */;
			buildPhases = (
				4AE926B61EE7CF090075578F /* Sources */,
				4AE926B71EE7CF090075578F /* Frameworks */,
				4AE926B81EE7CF090075578F /* Resources */,
			);
			buildRules = (
			);
			dependencies = (
			);
			name = EnteringHouse;
			productName = EnteringHouse;
			productReference = 4AE926BA1EE7CF090075578F /* EnteringHouse.app */;
			productType = "com.apple.product-type.application";
		};
/* End PBXNativeTarget section */

/* Begin PBXProject section */
		4AE926B21EE7CF090075578F /* Project object */ = {
			isa = PBXProject;
			attributes = {
				LastUpgradeCheck = 0830;
				ORGANIZATIONNAME = Harry;
				TargetAttributes = {
					4AE926B91EE7CF090075578F = {
						CreatedOnToolsVersion = 8.3.2;
						DevelopmentTeam = HCCWVL286N;
						ProvisioningStyle = Automatic;
					};
				};
			};
			buildConfigurationList = 4AE926B51EE7CF090075578F /* Build configuration list for PBXProject "EnteringHouse" */;
			compatibilityVersion = "Xcode 3.2";
			developmentRegion = English;
			hasScannedForEncodings = 0;
			knownRegions = (
				en,
				Base,
			);
			mainGroup = 4AE926B11EE7CF090075578F;
			productRefGroup = 4AE926BB1EE7CF090075578F /* Products */;
			projectDirPath = "";
			projectRoot = "";
			targets = (
				4AE926B91EE7CF090075578F /* EnteringHouse */,
			);
		};
/* End PBXProject section */

/* Begin PBXResourcesBuildPhase section */
		4AE926B81EE7CF090075578F /* Resources */ = {
			isa = PBXResourcesBuildPhase;
			buildActionMask = 2147483647;
			files = (
				4AE926CD1EE7CF090075578F /* LaunchScreen.storyboard in Resources */,
				4AE926CA1EE7CF090075578F /* Assets.xcassets in Resources */,
				4AE926C81EE7CF090075578F /* Main.storyboard in Resources */,
			);
			runOnlyForDeploymentPostprocessing = 0;
		};
/* End PBXResourcesBuildPhase section */

/* Begin PBXSourcesBuildPhase section */
		4AE926B61EE7CF090075578F /* Sources */ = {
			isa = PBXSourcesBuildPhase;
			buildActionMask = 2147483647;
			files = (
				4AE926C51EE7CF090075578F /* ViewController.m in Sources */,
				4AE926C21EE7CF090075578F /* AppDelegate.m in Sources */,
				4AE926BF1EE7CF090075578F /* main.m in Sources */,
			);
			runOnlyForDeploymentPostprocessing = 0;
		};
/* End PBXSourcesBuildPhase section */

/* Begin PBXVariantGroup section */
		4AE926C61EE7CF090075578F /* Main.storyboard */ = {
			isa = PBXVariantGroup;
			children = (
				4AE926C71EE7CF090075578F /* Base */,
			);
			name = Main.storyboard;
			sourceTree = "<group>";
		};
		4AE926CB1EE7CF090075578F /* LaunchScreen.storyboard */ = {
			isa = PBXVariantGroup;
			children = (
				4AE926CC1EE7CF090075578F /* Base */,
			);
			name = LaunchScreen.storyboard;
			sourceTree = "<group>";
		};
/* End PBXVariantGroup section */

/* Begin XCBuildConfiguration section */
		4AE926CF1EE7CF090075578F /* Debug */ = {
			isa = XCBuildConfiguration;
			buildSettings = {
				ALWAYS_SEARCH_USER_PATHS = NO;
				CLANG_ANALYZER_NONNULL = YES;
				CLANG_ANALYZER_NUMBER_OBJECT_CONVERSION = YES_AGGRESSIVE;
				CLANG_CXX_LANGUAGE_STANDARD = "gnu++0x";
				CLANG_CXX_LIBRARY = "libc++";
				CLANG_ENABLE_MODULES = YES;
				CLANG_ENABLE_OBJC_ARC = YES;
				CLANG_WARN_BOOL_CONVERSION = YES;
				CLANG_WARN_CONSTANT_CONVERSION = YES;
				CLANG_WARN_DIRECT_OBJC_ISA_USAGE = YES_ERROR;
				CLANG_WARN_DOCUMENTATION_COMMENTS = YES;
				CLANG_WARN_EMPTY_BODY = YES;
				CLANG_WARN_ENUM_CONVERSION = YES;
				CLANG_WARN_INFINITE_RECURSION = YES;
				CLANG_WARN_INT_CONVERSION = YES;
				CLANG_WARN_OBJC_ROOT_CLASS = YES_ERROR;
				CLANG_WARN_SUSPICIOUS_MOVE = YES;
				CLANG_WARN_UNREACHABLE_CODE = YES;
				CLANG_WARN__DUPLICATE_METHOD_MATCH = YES;
				"CODE_SIGN_IDENTITY[sdk=iphoneos*]" = "iPhone Developer";
				COPY_PHASE_STRIP = NO;
				DEBUG_INFORMATION_FORMAT = dwarf;
				ENABLE_STRICT_OBJC_MSGSEND = YES;
				ENABLE_TESTABILITY = YES;
				GCC_C_LANGUAGE_STANDARD = gnu99;
				GCC_DYNAMIC_NO_PIC = NO;
				GCC_NO_COMMON_BLOCKS = YES;
				GCC_OPTIMIZATION_LEVEL = 0;
				GCC_PREPROCESSOR_DEFINITIONS = (
					"DEBUG=1",
					"$(inherited)",
				);
				GCC_WARN_64_TO_32_BIT_CONVERSION = YES;
				GCC_WARN_ABOUT_RETURN_TYPE = YES_ERROR;
				GCC_WARN_UNDECLARED_SELECTOR = YES;
				GCC_WARN_UNINITIALIZED_AUTOS = YES_AGGRESSIVE;
				GCC_WARN_UNUSED_FUNCTION = YES;
				GCC_WARN_UNUSED_VARIABLE = YES;
				IPHONEOS_DEPLOYMENT_TARGET = 10.3;
				MTL_ENABLE_DEBUG_INFO = YES;
				ONLY_ACTIVE_ARCH = YES;
				SDKROOT = iphoneos;
				TARGETED_DEVICE_FAMILY = "1,2";
			};
			name = Debug;
		};
		4AE926D01EE7CF090075578F /* Release */ = {
			isa = XCBuildConfiguration;
			buildSettings = {
				ALWAYS_SEARCH_USER_PATHS = NO;
				CLANG_ANALYZER_NONNULL = YES;
				CLANG_ANALYZER_NUMBER_OBJECT_CONVERSION = YES_AGGRESSIVE;
				CLANG_CXX_LANGUAGE_STANDARD = "gnu++0x";
				CLANG_CXX_LIBRARY = "libc++";
				CLANG_ENABLE_MODULES = YES;
				CLANG_ENABLE_OBJC_ARC = YES;
				CLANG_WARN_BOOL_CONVERSION = YES;
				CLANG_WARN_CONSTANT_CONVERSION = YES;
				CLANG_WARN_DIRECT_OBJC_ISA_USAGE = YES_ERROR;
				CLANG_WARN_DOCUMENTATION_COMMENTS = YES;
				CLANG_WARN_EMPTY_BODY = YES;
				CLANG_WARN_ENUM_CONVERSION = YES;
				CLANG_WARN_INFINITE_RECURSION = YES;
				CLANG_WARN_INT_CONVERSION = YES;
				CLANG_WARN_OBJC_ROOT_CLASS = YES_ERROR;
				CLANG_WARN_SUSPICIOUS_MOVE = YES;
				CLANG_WARN_UNREACHABLE_CODE = YES;
				CLANG_WARN__DUPLICATE_METHOD_MATCH = YES;
				"CODE_SIGN_IDENTITY[sdk=iphoneos*]" = "iPhone Developer";
				COPY_PHASE_STRIP = NO;
				DEBUG_INFORMATION_FORMAT = "dwarf-with-dsym";
				ENABLE_NS_ASSERTIONS = NO;
				ENABLE_STRICT_OBJC_MSGSEND = YES;
				GCC_C_LANGUAGE_STANDARD = gnu99;
				GCC_NO_COMMON_BLOCKS = YES;
				GCC_WARN_64_TO_32_BIT_CONVERSION = YES;
				GCC_WARN_ABOUT_RETURN_TYPE = YES_ERROR;
				GCC_WARN_UNDECLARED_SELECTOR = YES;
				GCC_WARN_UNINITIALIZED_AUTOS = YES_AGGRESSIVE;
				GCC_WARN_UNUSED_FUNCTION = YES;
				GCC_WARN_UNUSED_VARIABLE = YES;
				IPHONEOS_DEPLOYMENT_TARGET = 10.3;
				MTL_ENABLE_DEBUG_INFO = NO;
				SDKROOT = iphoneos;
				TARGETED_DEVICE_FAMILY = "1,2";
				VALIDATE_PRODUCT = YES;
			};
			name = Release;
		};
		4AE926D21EE7CF090075578F /* Debug */ = {
			isa = XCBuildConfiguration;
			buildSettings = {
				ASSETCATALOG_COMPILER_APPICON_NAME = AppIcon;
				DEVELOPMENT_TEAM = HCCWVL286N;
				INFOPLIST_FILE = EnteringHouse/Info.plist;
				LD_RUNPATH_SEARCH_PATHS = "$(inherited) @executable_path/Frameworks";
				PRODUCT_BUNDLE_IDENTIFIER = com.harry.EnteringHouse;
				PRODUCT_NAME = "$(TARGET_NAME)";
			};
			name = Debug;
		};
		4AE926D31EE7CF090075578F /* Release */ = {
			isa = XCBuildConfiguration;
			buildSettings = {
				ASSETCATALOG_COMPILER_APPICON_NAME = AppIcon;
				DEVELOPMENT_TEAM = HCCWVL286N;
				INFOPLIST_FILE = EnteringHouse/Info.plist;
				LD_RUNPATH_SEARCH_PATHS = "$(inherited) @executable_path/Frameworks";
				PRODUCT_BUNDLE_IDENTIFIER = com.harry.EnteringHouse;
				PRODUCT_NAME = "$(TARGET_NAME)";
			};
			name = Release;
		};
/* End XCBuildConfiguration section */

/* Begin XCConfigurationList section */
		4AE926B51EE7CF090075578F /* Build configuration list for PBXProject "EnteringHouse" */ = {
			isa = XCConfigurationList;
			buildConfigurations = (
				4AE926CF1EE7CF090075578F /* Debug */,
				4AE926D01EE7CF090075578F /* Release */,
			);
			defaultConfigurationIsVisible = 0;
			defaultConfigurationName = Release;
		};
		4AE926D11EE7CF090075578F /* Build configuration list for PBXNativeTarget "EnteringHouse" */ = {
			isa = XCConfigurationList;
			buildConfigurations = (
				4AE926D21EE7CF090075578F /* Debug */,
				4AE926D31EE7CF090075578F /* Release */,
			);
			defaultConfigurationIsVisible = 0;
		};
/* End XCConfigurationList section */
	};
	rootObject = 4AE926B21EE7CF090075578F /* Project object */;
}
